// !$*UTF8*$!
{
	archiveVersion = 1;
	classes = {
	};
	objectVersion = 56;
	objects = {

/* Begin PBXBuildFile section */
		2024A02229BA17A4003DFC11 /* AppDelegate.swift in Sources */ = {isa = PBXBuildFile; fileRef = 2024A02129BA17A4003DFC11 /* AppDelegate.swift */; };
		2024A02429BA17A4003DFC11 /* SceneDelegate.swift in Sources */ = {isa = PBXBuildFile; fileRef = 2024A02329BA17A4003DFC11 /* SceneDelegate.swift */; };
		2024A02629BA17A4003DFC11 /* MainViewController.swift in Sources */ = {isa = PBXBuildFile; fileRef = 2024A02529BA17A4003DFC11 /* MainViewController.swift */; };
		2024A02929BA17A4003DFC11 /* Main.storyboard in Resources */ = {isa = PBXBuildFile; fileRef = 2024A02729BA17A4003DFC11 /* Main.storyboard */; };
		2024A02B29BA17A6003DFC11 /* Assets.xcassets in Resources */ = {isa = PBXBuildFile; fileRef = 2024A02A29BA17A6003DFC11 /* Assets.xcassets */; };
		2024A02E29BA17A6003DFC11 /* LaunchScreen.storyboard in Resources */ = {isa = PBXBuildFile; fileRef = 2024A02C29BA17A6003DFC11 /* LaunchScreen.storyboard */; };
		2024A03929BA17A7003DFC11 /* MathTextExtractorTests.swift in Sources */ = {isa = PBXBuildFile; fileRef = 2024A03829BA17A7003DFC11 /* MathTextExtractorTests.swift */; };
		2024A05529BA37B4003DFC11 /* MyTextRecognizerSpy.swift in Sources */ = {isa = PBXBuildFile; fileRef = 2024A05429BA37B4003DFC11 /* MyTextRecognizerSpy.swift */; };
		2024A05829BA380E003DFC11 /* MyTextRecognizer.swift in Sources */ = {isa = PBXBuildFile; fileRef = 2024A05729BA380E003DFC11 /* MyTextRecognizer.swift */; };
		20E75B1829BAB81400861BB5 /* MyMathTextExtractor.swift in Sources */ = {isa = PBXBuildFile; fileRef = 20E75B1729BAB81400861BB5 /* MyMathTextExtractor.swift */; };
		20E75B1A29BAB82F00861BB5 /* MathItem.swift in Sources */ = {isa = PBXBuildFile; fileRef = 20E75B1929BAB82F00861BB5 /* MathItem.swift */; };
		20E75B1C29BAB84500861BB5 /* MathTextExtractor.swift in Sources */ = {isa = PBXBuildFile; fileRef = 20E75B1B29BAB84500861BB5 /* MathTextExtractor.swift */; };
		20E75B1E29BAB86200861BB5 /* MathItemMapper.swift in Sources */ = {isa = PBXBuildFile; fileRef = 20E75B1D29BAB86200861BB5 /* MathItemMapper.swift */; };
		20E75B2029BACA7100861BB5 /* MLKitTextRecognizerTests.swift in Sources */ = {isa = PBXBuildFile; fileRef = 20E75B1F29BACA7100861BB5 /* MLKitTextRecognizerTests.swift */; };
		20E75B2329BACAD100861BB5 /* TestHelpers.swift in Sources */ = {isa = PBXBuildFile; fileRef = 20E75B2229BACAD100861BB5 /* TestHelpers.swift */; };
		20E75B2529BB3E2200861BB5 /* MLKitTextRecognizer.swift in Sources */ = {isa = PBXBuildFile; fileRef = 20E75B2429BB3E2200861BB5 /* MLKitTextRecognizer.swift */; };
		20E75B2829BB405400861BB5 /* MathItemsLoader.swift in Sources */ = {isa = PBXBuildFile; fileRef = 20E75B2729BB405400861BB5 /* MathItemsLoader.swift */; };
		20E75B2A29BB40A400861BB5 /* LocalMathItemLoaderTests.swift in Sources */ = {isa = PBXBuildFile; fileRef = 20E75B2929BB40A400861BB5 /* LocalMathItemLoaderTests.swift */; };
		20E75B2C29BB419700861BB5 /* MathItemsStore.swift in Sources */ = {isa = PBXBuildFile; fileRef = 20E75B2B29BB419700861BB5 /* MathItemsStore.swift */; };
		20E75B2E29BB42F900861BB5 /* MathItemsStoreSpy.swift in Sources */ = {isa = PBXBuildFile; fileRef = 20E75B2D29BB42F900861BB5 /* MathItemsStoreSpy.swift */; };
		273C7047DEE8015055DE2878 /* Pods_SimpleMathCamTests.framework in Frameworks */ = {isa = PBXBuildFile; fileRef = E53BDBE69E2E430A7B08FDB2 /* Pods_SimpleMathCamTests.framework */; };
		8B158322539D3767965CF0D9 /* Pods_SimpleMathCam.framework in Frameworks */ = {isa = PBXBuildFile; fileRef = 81EAD65A5AAC818DFBB716FD /* Pods_SimpleMathCam.framework */; };
/* End PBXBuildFile section */

/* Begin PBXContainerItemProxy section */
		2024A03529BA17A7003DFC11 /* PBXContainerItemProxy */ = {
			isa = PBXContainerItemProxy;
			containerPortal = 2024A01629BA17A4003DFC11 /* Project object */;
			proxyType = 1;
			remoteGlobalIDString = 2024A01D29BA17A4003DFC11;
			remoteInfo = SimpleMathCam;
		};
/* End PBXContainerItemProxy section */

/* Begin PBXFileReference section */
		1BD179B1D36EC860C6FC0E53 /* Pods-SimpleMathCamTests.debug.xcconfig */ = {isa = PBXFileReference; includeInIndex = 1; lastKnownFileType = text.xcconfig; name = "Pods-SimpleMathCamTests.debug.xcconfig"; path = "Target Support Files/Pods-SimpleMathCamTests/Pods-SimpleMathCamTests.debug.xcconfig"; sourceTree = "<group>"; };
		1F5D5587B955469852F17BD9 /* Pods-SimpleMathCam.release.xcconfig */ = {isa = PBXFileReference; includeInIndex = 1; lastKnownFileType = text.xcconfig; name = "Pods-SimpleMathCam.release.xcconfig"; path = "Target Support Files/Pods-SimpleMathCam/Pods-SimpleMathCam.release.xcconfig"; sourceTree = "<group>"; };
		2024A01E29BA17A4003DFC11 /* SimpleMathCam.app */ = {isa = PBXFileReference; explicitFileType = wrapper.application; includeInIndex = 0; path = SimpleMathCam.app; sourceTree = BUILT_PRODUCTS_DIR; };
		2024A02129BA17A4003DFC11 /* AppDelegate.swift */ = {isa = PBXFileReference; lastKnownFileType = sourcecode.swift; path = AppDelegate.swift; sourceTree = "<group>"; };
		2024A02329BA17A4003DFC11 /* SceneDelegate.swift */ = {isa = PBXFileReference; lastKnownFileType = sourcecode.swift; path = SceneDelegate.swift; sourceTree = "<group>"; };
		2024A02529BA17A4003DFC11 /* MainViewController.swift */ = {isa = PBXFileReference; lastKnownFileType = sourcecode.swift; path = MainViewController.swift; sourceTree = "<group>"; };
		2024A02829BA17A4003DFC11 /* Base */ = {isa = PBXFileReference; lastKnownFileType = file.storyboard; name = Base; path = Base.lproj/Main.storyboard; sourceTree = "<group>"; };
		2024A02A29BA17A6003DFC11 /* Assets.xcassets */ = {isa = PBXFileReference; lastKnownFileType = folder.assetcatalog; path = Assets.xcassets; sourceTree = "<group>"; };
		2024A02D29BA17A6003DFC11 /* Base */ = {isa = PBXFileReference; lastKnownFileType = file.storyboard; name = Base; path = Base.lproj/LaunchScreen.storyboard; sourceTree = "<group>"; };
		2024A02F29BA17A6003DFC11 /* Info.plist */ = {isa = PBXFileReference; lastKnownFileType = text.plist.xml; path = Info.plist; sourceTree = "<group>"; };
		2024A03429BA17A7003DFC11 /* SimpleMathCamTests.xctest */ = {isa = PBXFileReference; explicitFileType = wrapper.cfbundle; includeInIndex = 0; path = SimpleMathCamTests.xctest; sourceTree = BUILT_PRODUCTS_DIR; };
		2024A03829BA17A7003DFC11 /* MathTextExtractorTests.swift */ = {isa = PBXFileReference; lastKnownFileType = sourcecode.swift; path = MathTextExtractorTests.swift; sourceTree = "<group>"; };
		2024A05429BA37B4003DFC11 /* MyTextRecognizerSpy.swift */ = {isa = PBXFileReference; lastKnownFileType = sourcecode.swift; path = MyTextRecognizerSpy.swift; sourceTree = "<group>"; };
		2024A05729BA380E003DFC11 /* MyTextRecognizer.swift */ = {isa = PBXFileReference; lastKnownFileType = sourcecode.swift; path = MyTextRecognizer.swift; sourceTree = "<group>"; };
		20E75B1729BAB81400861BB5 /* MyMathTextExtractor.swift */ = {isa = PBXFileReference; lastKnownFileType = sourcecode.swift; path = MyMathTextExtractor.swift; sourceTree = "<group>"; };
		20E75B1929BAB82F00861BB5 /* MathItem.swift */ = {isa = PBXFileReference; lastKnownFileType = sourcecode.swift; path = MathItem.swift; sourceTree = "<group>"; };
		20E75B1B29BAB84500861BB5 /* MathTextExtractor.swift */ = {isa = PBXFileReference; lastKnownFileType = sourcecode.swift; path = MathTextExtractor.swift; sourceTree = "<group>"; };
		20E75B1D29BAB86200861BB5 /* MathItemMapper.swift */ = {isa = PBXFileReference; lastKnownFileType = sourcecode.swift; path = MathItemMapper.swift; sourceTree = "<group>"; };
		20E75B1F29BACA7100861BB5 /* MLKitTextRecognizerTests.swift */ = {isa = PBXFileReference; lastKnownFileType = sourcecode.swift; path = MLKitTextRecognizerTests.swift; sourceTree = "<group>"; };
		20E75B2229BACAD100861BB5 /* TestHelpers.swift */ = {isa = PBXFileReference; lastKnownFileType = sourcecode.swift; path = TestHelpers.swift; sourceTree = "<group>"; };
		20E75B2429BB3E2200861BB5 /* MLKitTextRecognizer.swift */ = {isa = PBXFileReference; lastKnownFileType = sourcecode.swift; path = MLKitTextRecognizer.swift; sourceTree = "<group>"; };
		20E75B2729BB405400861BB5 /* MathItemsLoader.swift */ = {isa = PBXFileReference; lastKnownFileType = sourcecode.swift; path = MathItemsLoader.swift; sourceTree = "<group>"; };
		20E75B2929BB40A400861BB5 /* LocalMathItemLoaderTests.swift */ = {isa = PBXFileReference; lastKnownFileType = sourcecode.swift; path = LocalMathItemLoaderTests.swift; sourceTree = "<group>"; };
		20E75B2B29BB419700861BB5 /* MathItemsStore.swift */ = {isa = PBXFileReference; lastKnownFileType = sourcecode.swift; path = MathItemsStore.swift; sourceTree = "<group>"; };
		20E75B2D29BB42F900861BB5 /* MathItemsStoreSpy.swift */ = {isa = PBXFileReference; lastKnownFileType = sourcecode.swift; path = MathItemsStoreSpy.swift; sourceTree = "<group>"; };
		3B4B2DAE1D0C4206F31C4C5D /* Pods-SimpleMathCam-SimpleMathCamUITests.debug.xcconfig */ = {isa = PBXFileReference; includeInIndex = 1; lastKnownFileType = text.xcconfig; name = "Pods-SimpleMathCam-SimpleMathCamUITests.debug.xcconfig"; path = "Target Support Files/Pods-SimpleMathCam-SimpleMathCamUITests/Pods-SimpleMathCam-SimpleMathCamUITests.debug.xcconfig"; sourceTree = "<group>"; };
		5392084A4E3883581C553F2A /* Pods_SimpleMathCam_SimpleMathCamUITests.framework */ = {isa = PBXFileReference; explicitFileType = wrapper.framework; includeInIndex = 0; path = Pods_SimpleMathCam_SimpleMathCamUITests.framework; sourceTree = BUILT_PRODUCTS_DIR; };
		81EAD65A5AAC818DFBB716FD /* Pods_SimpleMathCam.framework */ = {isa = PBXFileReference; explicitFileType = wrapper.framework; includeInIndex = 0; path = Pods_SimpleMathCam.framework; sourceTree = BUILT_PRODUCTS_DIR; };
		979BD6CBABD3F10FEBB392F1 /* Pods-SimpleMathCam-SimpleMathCamUITests.release.xcconfig */ = {isa = PBXFileReference; includeInIndex = 1; lastKnownFileType = text.xcconfig; name = "Pods-SimpleMathCam-SimpleMathCamUITests.release.xcconfig"; path = "Target Support Files/Pods-SimpleMathCam-SimpleMathCamUITests/Pods-SimpleMathCam-SimpleMathCamUITests.release.xcconfig"; sourceTree = "<group>"; };
		E53BDBE69E2E430A7B08FDB2 /* Pods_SimpleMathCamTests.framework */ = {isa = PBXFileReference; explicitFileType = wrapper.framework; includeInIndex = 0; path = Pods_SimpleMathCamTests.framework; sourceTree = BUILT_PRODUCTS_DIR; };
		F03BA6F6F8AC79DE0C1AA5A9 /* Pods-SimpleMathCam.debug.xcconfig */ = {isa = PBXFileReference; includeInIndex = 1; lastKnownFileType = text.xcconfig; name = "Pods-SimpleMathCam.debug.xcconfig"; path = "Target Support Files/Pods-SimpleMathCam/Pods-SimpleMathCam.debug.xcconfig"; sourceTree = "<group>"; };
		F32B1D204F8E30EA0B73075C /* Pods-SimpleMathCamTests.release.xcconfig */ = {isa = PBXFileReference; includeInIndex = 1; lastKnownFileType = text.xcconfig; name = "Pods-SimpleMathCamTests.release.xcconfig"; path = "Target Support Files/Pods-SimpleMathCamTests/Pods-SimpleMathCamTests.release.xcconfig"; sourceTree = "<group>"; };
/* End PBXFileReference section */

/* Begin PBXFrameworksBuildPhase section */
		2024A01B29BA17A4003DFC11 /* Frameworks */ = {
			isa = PBXFrameworksBuildPhase;
			buildActionMask = 2147483647;
			files = (
				8B158322539D3767965CF0D9 /* Pods_SimpleMathCam.framework in Frameworks */,
			);
			runOnlyForDeploymentPostprocessing = 0;
		};
		2024A03129BA17A7003DFC11 /* Frameworks */ = {
			isa = PBXFrameworksBuildPhase;
			buildActionMask = 2147483647;
			files = (
				273C7047DEE8015055DE2878 /* Pods_SimpleMathCamTests.framework in Frameworks */,
			);
			runOnlyForDeploymentPostprocessing = 0;
		};
/* End PBXFrameworksBuildPhase section */

/* Begin PBXGroup section */
		2024A01529BA17A4003DFC11 = {
			isa = PBXGroup;
			children = (
				2024A02029BA17A4003DFC11 /* SimpleMathCam */,
				2024A03729BA17A7003DFC11 /* SimpleMathCamTests */,
				2024A01F29BA17A4003DFC11 /* Products */,
				3F37EC929F4C3790AA648969 /* Pods */,
				4B6F28BE9F2D1876EAA1990A /* Frameworks */,
			);
			sourceTree = "<group>";
		};
		2024A01F29BA17A4003DFC11 /* Products */ = {
			isa = PBXGroup;
			children = (
				2024A01E29BA17A4003DFC11 /* SimpleMathCam.app */,
				2024A03429BA17A7003DFC11 /* SimpleMathCamTests.xctest */,
			);
			name = Products;
			sourceTree = "<group>";
		};
		2024A02029BA17A4003DFC11 /* SimpleMathCam */ = {
			isa = PBXGroup;
			children = (
				20E75B2629BB3FEE00861BB5 /* Math Feature Module */,
				2024A05929BA385E003DFC11 /* MathTextExtractorModule */,
				2024A05629BA37FB003DFC11 /* TextRecognizerModule */,
				2024A02129BA17A4003DFC11 /* AppDelegate.swift */,
				2024A02329BA17A4003DFC11 /* SceneDelegate.swift */,
				2024A02529BA17A4003DFC11 /* MainViewController.swift */,
				2024A02729BA17A4003DFC11 /* Main.storyboard */,
				2024A02A29BA17A6003DFC11 /* Assets.xcassets */,
				2024A02C29BA17A6003DFC11 /* LaunchScreen.storyboard */,
				2024A02F29BA17A6003DFC11 /* Info.plist */,
			);
			path = SimpleMathCam;
			sourceTree = "<group>";
		};
		2024A03729BA17A7003DFC11 /* SimpleMathCamTests */ = {
			isa = PBXGroup;
			children = (
				20E75B2129BACABB00861BB5 /* Helpers */,
				2024A03829BA17A7003DFC11 /* MathTextExtractorTests.swift */,
				20E75B1F29BACA7100861BB5 /* MLKitTextRecognizerTests.swift */,
				20E75B2929BB40A400861BB5 /* LocalMathItemLoaderTests.swift */,
			);
			path = SimpleMathCamTests;
			sourceTree = "<group>";
		};
		2024A05629BA37FB003DFC11 /* TextRecognizerModule */ = {
			isa = PBXGroup;
			children = (
				2024A05729BA380E003DFC11 /* MyTextRecognizer.swift */,
				20E75B2429BB3E2200861BB5 /* MLKitTextRecognizer.swift */,
			);
			path = TextRecognizerModule;
			sourceTree = "<group>";
		};
		2024A05929BA385E003DFC11 /* MathTextExtractorModule */ = {
			isa = PBXGroup;
			children = (
				20E75B1729BAB81400861BB5 /* MyMathTextExtractor.swift */,
				20E75B1929BAB82F00861BB5 /* MathItem.swift */,
				20E75B1B29BAB84500861BB5 /* MathTextExtractor.swift */,
				20E75B1D29BAB86200861BB5 /* MathItemMapper.swift */,
			);
			path = MathTextExtractorModule;
			sourceTree = "<group>";
		};
		20E75B2129BACABB00861BB5 /* Helpers */ = {
			isa = PBXGroup;
			children = (
				2024A05429BA37B4003DFC11 /* MyTextRecognizerSpy.swift */,
				20E75B2229BACAD100861BB5 /* TestHelpers.swift */,
				20E75B2D29BB42F900861BB5 /* MathItemsStoreSpy.swift */,
			);
			path = Helpers;
			sourceTree = "<group>";
		};
		20E75B2629BB3FEE00861BB5 /* Math Feature Module */ = {
			isa = PBXGroup;
			children = (
				20E75B2729BB405400861BB5 /* MathItemsLoader.swift */,
				20E75B2B29BB419700861BB5 /* MathItemsStore.swift */,
			);
			path = "Math Feature Module";
			sourceTree = "<group>";
		};
		3F37EC929F4C3790AA648969 /* Pods */ = {
			isa = PBXGroup;
			children = (
				F03BA6F6F8AC79DE0C1AA5A9 /* Pods-SimpleMathCam.debug.xcconfig */,
				1F5D5587B955469852F17BD9 /* Pods-SimpleMathCam.release.xcconfig */,
				3B4B2DAE1D0C4206F31C4C5D /* Pods-SimpleMathCam-SimpleMathCamUITests.debug.xcconfig */,
				979BD6CBABD3F10FEBB392F1 /* Pods-SimpleMathCam-SimpleMathCamUITests.release.xcconfig */,
				1BD179B1D36EC860C6FC0E53 /* Pods-SimpleMathCamTests.debug.xcconfig */,
				F32B1D204F8E30EA0B73075C /* Pods-SimpleMathCamTests.release.xcconfig */,
			);
			path = Pods;
			sourceTree = "<group>";
		};
		4B6F28BE9F2D1876EAA1990A /* Frameworks */ = {
			isa = PBXGroup;
			children = (
				81EAD65A5AAC818DFBB716FD /* Pods_SimpleMathCam.framework */,
				5392084A4E3883581C553F2A /* Pods_SimpleMathCam_SimpleMathCamUITests.framework */,
				E53BDBE69E2E430A7B08FDB2 /* Pods_SimpleMathCamTests.framework */,
			);
			name = Frameworks;
			sourceTree = "<group>";
		};
/* End PBXGroup section */

/* Begin PBXNativeTarget section */
		2024A01D29BA17A4003DFC11 /* SimpleMathCam */ = {
			isa = PBXNativeTarget;
			buildConfigurationList = 2024A04829BA17A7003DFC11 /* Build configuration list for PBXNativeTarget "SimpleMathCam" */;
			buildPhases = (
				535342396B6738C9DA75ADAC /* [CP] Check Pods Manifest.lock */,
				2024A01A29BA17A4003DFC11 /* Sources */,
				2024A01B29BA17A4003DFC11 /* Frameworks */,
				2024A01C29BA17A4003DFC11 /* Resources */,
				63E985D6E251732EE2E22DB0 /* [CP] Embed Pods Frameworks */,
				6FD96DAB819E8DDEFBD4D5A0 /* [CP] Copy Pods Resources */,
			);
			buildRules = (
			);
			dependencies = (
			);
			name = SimpleMathCam;
			productName = SimpleMathCam;
			productReference = 2024A01E29BA17A4003DFC11 /* SimpleMathCam.app */;
			productType = "com.apple.product-type.application";
		};
		2024A03329BA17A7003DFC11 /* SimpleMathCamTests */ = {
			isa = PBXNativeTarget;
			buildConfigurationList = 2024A04B29BA17A7003DFC11 /* Build configuration list for PBXNativeTarget "SimpleMathCamTests" */;
			buildPhases = (
				B762C19410D49DAD6CC6B6E1 /* [CP] Check Pods Manifest.lock */,
				2024A03029BA17A7003DFC11 /* Sources */,
				2024A03129BA17A7003DFC11 /* Frameworks */,
				2024A03229BA17A7003DFC11 /* Resources */,
			);
			buildRules = (
			);
			dependencies = (
				2024A03629BA17A7003DFC11 /* PBXTargetDependency */,
			);
			name = SimpleMathCamTests;
			productName = SimpleMathCamTests;
			productReference = 2024A03429BA17A7003DFC11 /* SimpleMathCamTests.xctest */;
			productType = "com.apple.product-type.bundle.unit-test";
		};
/* End PBXNativeTarget section */

/* Begin PBXProject section */
		2024A01629BA17A4003DFC11 /* Project object */ = {
			isa = PBXProject;
			attributes = {
				BuildIndependentTargetsInParallel = 1;
				LastSwiftUpdateCheck = 1420;
				LastUpgradeCheck = 1420;
				TargetAttributes = {
					2024A01D29BA17A4003DFC11 = {
						CreatedOnToolsVersion = 14.2;
					};
					2024A03329BA17A7003DFC11 = {
						CreatedOnToolsVersion = 14.2;
						TestTargetID = 2024A01D29BA17A4003DFC11;
					};
				};
			};
			buildConfigurationList = 2024A01929BA17A4003DFC11 /* Build configuration list for PBXProject "SimpleMathCam" */;
			compatibilityVersion = "Xcode 14.0";
			developmentRegion = en;
			hasScannedForEncodings = 0;
			knownRegions = (
				en,
				Base,
			);
			mainGroup = 2024A01529BA17A4003DFC11;
			productRefGroup = 2024A01F29BA17A4003DFC11 /* Products */;
			projectDirPath = "";
			projectRoot = "";
			targets = (
				2024A01D29BA17A4003DFC11 /* SimpleMathCam */,
				2024A03329BA17A7003DFC11 /* SimpleMathCamTests */,
			);
		};
/* End PBXProject section */

/* Begin PBXResourcesBuildPhase section */
		2024A01C29BA17A4003DFC11 /* Resources */ = {
			isa = PBXResourcesBuildPhase;
			buildActionMask = 2147483647;
			files = (
				2024A02E29BA17A6003DFC11 /* LaunchScreen.storyboard in Resources */,
				2024A02B29BA17A6003DFC11 /* Assets.xcassets in Resources */,
				2024A02929BA17A4003DFC11 /* Main.storyboard in Resources */,
			);
			runOnlyForDeploymentPostprocessing = 0;
		};
		2024A03229BA17A7003DFC11 /* Resources */ = {
			isa = PBXResourcesBuildPhase;
			buildActionMask = 2147483647;
			files = (
			);
			runOnlyForDeploymentPostprocessing = 0;
		};
/* End PBXResourcesBuildPhase section */

/* Begin PBXShellScriptBuildPhase section */
		535342396B6738C9DA75ADAC /* [CP] Check Pods Manifest.lock */ = {
			isa = PBXShellScriptBuildPhase;
			buildActionMask = 2147483647;
			files = (
			);
			inputFileListPaths = (
			);
			inputPaths = (
				"${PODS_PODFILE_DIR_PATH}/Podfile.lock",
				"${PODS_ROOT}/Manifest.lock",
			);
			name = "[CP] Check Pods Manifest.lock";
			outputFileListPaths = (
			);
			outputPaths = (
				"$(DERIVED_FILE_DIR)/Pods-SimpleMathCam-checkManifestLockResult.txt",
			);
			runOnlyForDeploymentPostprocessing = 0;
			shellPath = /bin/sh;
			shellScript = "diff \"${PODS_PODFILE_DIR_PATH}/Podfile.lock\" \"${PODS_ROOT}/Manifest.lock\" > /dev/null\nif [ $? != 0 ] ; then\n    # print error to STDERR\n    echo \"error: The sandbox is not in sync with the Podfile.lock. Run 'pod install' or update your CocoaPods installation.\" >&2\n    exit 1\nfi\n# This output is used by Xcode 'outputs' to avoid re-running this script phase.\necho \"SUCCESS\" > \"${SCRIPT_OUTPUT_FILE_0}\"\n";
			showEnvVarsInLog = 0;
		};
		63E985D6E251732EE2E22DB0 /* [CP] Embed Pods Frameworks */ = {
			isa = PBXShellScriptBuildPhase;
			buildActionMask = 2147483647;
			files = (
			);
			inputFileListPaths = (
				"${PODS_ROOT}/Target Support Files/Pods-SimpleMathCam/Pods-SimpleMathCam-frameworks-${CONFIGURATION}-input-files.xcfilelist",
			);
			name = "[CP] Embed Pods Frameworks";
			outputFileListPaths = (
				"${PODS_ROOT}/Target Support Files/Pods-SimpleMathCam/Pods-SimpleMathCam-frameworks-${CONFIGURATION}-output-files.xcfilelist",
			);
			runOnlyForDeploymentPostprocessing = 0;
			shellPath = /bin/sh;
			shellScript = "\"${PODS_ROOT}/Target Support Files/Pods-SimpleMathCam/Pods-SimpleMathCam-frameworks.sh\"\n";
			showEnvVarsInLog = 0;
		};
		6FD96DAB819E8DDEFBD4D5A0 /* [CP] Copy Pods Resources */ = {
			isa = PBXShellScriptBuildPhase;
			buildActionMask = 2147483647;
			files = (
			);
			inputFileListPaths = (
				"${PODS_ROOT}/Target Support Files/Pods-SimpleMathCam/Pods-SimpleMathCam-resources-${CONFIGURATION}-input-files.xcfilelist",
			);
			name = "[CP] Copy Pods Resources";
			outputFileListPaths = (
				"${PODS_ROOT}/Target Support Files/Pods-SimpleMathCam/Pods-SimpleMathCam-resources-${CONFIGURATION}-output-files.xcfilelist",
			);
			runOnlyForDeploymentPostprocessing = 0;
			shellPath = /bin/sh;
			shellScript = "\"${PODS_ROOT}/Target Support Files/Pods-SimpleMathCam/Pods-SimpleMathCam-resources.sh\"\n";
			showEnvVarsInLog = 0;
		};
		B762C19410D49DAD6CC6B6E1 /* [CP] Check Pods Manifest.lock */ = {
			isa = PBXShellScriptBuildPhase;
			buildActionMask = 2147483647;
			files = (
			);
			inputFileListPaths = (
			);
			inputPaths = (
				"${PODS_PODFILE_DIR_PATH}/Podfile.lock",
				"${PODS_ROOT}/Manifest.lock",
			);
			name = "[CP] Check Pods Manifest.lock";
			outputFileListPaths = (
			);
			outputPaths = (
				"$(DERIVED_FILE_DIR)/Pods-SimpleMathCamTests-checkManifestLockResult.txt",
			);
			runOnlyForDeploymentPostprocessing = 0;
			shellPath = /bin/sh;
			shellScript = "diff \"${PODS_PODFILE_DIR_PATH}/Podfile.lock\" \"${PODS_ROOT}/Manifest.lock\" > /dev/null\nif [ $? != 0 ] ; then\n    # print error to STDERR\n    echo \"error: The sandbox is not in sync with the Podfile.lock. Run 'pod install' or update your CocoaPods installation.\" >&2\n    exit 1\nfi\n# This output is used by Xcode 'outputs' to avoid re-running this script phase.\necho \"SUCCESS\" > \"${SCRIPT_OUTPUT_FILE_0}\"\n";
			showEnvVarsInLog = 0;
		};
/* End PBXShellScriptBuildPhase section */

/* Begin PBXSourcesBuildPhase section */
		2024A01A29BA17A4003DFC11 /* Sources */ = {
			isa = PBXSourcesBuildPhase;
			buildActionMask = 2147483647;
			files = (
				20E75B2829BB405400861BB5 /* MathItemsLoader.swift in Sources */,
				20E75B2529BB3E2200861BB5 /* MLKitTextRecognizer.swift in Sources */,
				20E75B1A29BAB82F00861BB5 /* MathItem.swift in Sources */,
				20E75B1829BAB81400861BB5 /* MyMathTextExtractor.swift in Sources */,
				2024A05829BA380E003DFC11 /* MyTextRecognizer.swift in Sources */,
				2024A02629BA17A4003DFC11 /* MainViewController.swift in Sources */,
				20E75B2C29BB419700861BB5 /* MathItemsStore.swift in Sources */,
				20E75B1C29BAB84500861BB5 /* MathTextExtractor.swift in Sources */,
				20E75B1E29BAB86200861BB5 /* MathItemMapper.swift in Sources */,
				2024A02229BA17A4003DFC11 /* AppDelegate.swift in Sources */,
				2024A02429BA17A4003DFC11 /* SceneDelegate.swift in Sources */,
			);
			runOnlyForDeploymentPostprocessing = 0;
		};
		2024A03029BA17A7003DFC11 /* Sources */ = {
			isa = PBXSourcesBuildPhase;
			buildActionMask = 2147483647;
			files = (
				20E75B2A29BB40A400861BB5 /* LocalMathItemLoaderTests.swift in Sources */,
				2024A03929BA17A7003DFC11 /* MathTextExtractorTests.swift in Sources */,
				20E75B2E29BB42F900861BB5 /* MathItemsStoreSpy.swift in Sources */,
				2024A05529BA37B4003DFC11 /* MyTextRecognizerSpy.swift in Sources */,
				20E75B2029BACA7100861BB5 /* MLKitTextRecognizerTests.swift in Sources */,
				20E75B2329BACAD100861BB5 /* TestHelpers.swift in Sources */,
			);
			runOnlyForDeploymentPostprocessing = 0;
		};
/* End PBXSourcesBuildPhase section */

/* Begin PBXTargetDependency section */
		2024A03629BA17A7003DFC11 /* PBXTargetDependency */ = {
			isa = PBXTargetDependency;
			target = 2024A01D29BA17A4003DFC11 /* SimpleMathCam */;
			targetProxy = 2024A03529BA17A7003DFC11 /* PBXContainerItemProxy */;
		};
/* End PBXTargetDependency section */

/* Begin PBXVariantGroup section */
		2024A02729BA17A4003DFC11 /* Main.storyboard */ = {
			isa = PBXVariantGroup;
			children = (
				2024A02829BA17A4003DFC11 /* Base */,
			);
			name = Main.storyboard;
			sourceTree = "<group>";
		};
		2024A02C29BA17A6003DFC11 /* LaunchScreen.storyboard */ = {
			isa = PBXVariantGroup;
			children = (
				2024A02D29BA17A6003DFC11 /* Base */,
			);
			name = LaunchScreen.storyboard;
			sourceTree = "<group>";
		};
/* End PBXVariantGroup section */

/* Begin XCBuildConfiguration section */
		2024A04629BA17A7003DFC11 /* Debug */ = {
			isa = XCBuildConfiguration;
			buildSettings = {
				ALWAYS_SEARCH_USER_PATHS = NO;
				CLANG_ANALYZER_NONNULL = YES;
				CLANG_ANALYZER_NUMBER_OBJECT_CONVERSION = YES_AGGRESSIVE;
				CLANG_CXX_LANGUAGE_STANDARD = "gnu++20";
				CLANG_ENABLE_MODULES = YES;
				CLANG_ENABLE_OBJC_ARC = YES;
				CLANG_ENABLE_OBJC_WEAK = YES;
				CLANG_WARN_BLOCK_CAPTURE_AUTORELEASING = YES;
				CLANG_WARN_BOOL_CONVERSION = YES;
				CLANG_WARN_COMMA = YES;
				CLANG_WARN_CONSTANT_CONVERSION = YES;
				CLANG_WARN_DEPRECATED_OBJC_IMPLEMENTATIONS = YES;
				CLANG_WARN_DIRECT_OBJC_ISA_USAGE = YES_ERROR;
				CLANG_WARN_DOCUMENTATION_COMMENTS = YES;
				CLANG_WARN_EMPTY_BODY = YES;
				CLANG_WARN_ENUM_CONVERSION = YES;
				CLANG_WARN_INFINITE_RECURSION = YES;
				CLANG_WARN_INT_CONVERSION = YES;
				CLANG_WARN_NON_LITERAL_NULL_CONVERSION = YES;
				CLANG_WARN_OBJC_IMPLICIT_RETAIN_SELF = YES;
				CLANG_WARN_OBJC_LITERAL_CONVERSION = YES;
				CLANG_WARN_OBJC_ROOT_CLASS = YES_ERROR;
				CLANG_WARN_QUOTED_INCLUDE_IN_FRAMEWORK_HEADER = YES;
				CLANG_WARN_RANGE_LOOP_ANALYSIS = YES;
				CLANG_WARN_STRICT_PROTOTYPES = YES;
				CLANG_WARN_SUSPICIOUS_MOVE = YES;
				CLANG_WARN_UNGUARDED_AVAILABILITY = YES_AGGRESSIVE;
				CLANG_WARN_UNREACHABLE_CODE = YES;
				CLANG_WARN__DUPLICATE_METHOD_MATCH = YES;
				COPY_PHASE_STRIP = NO;
				DEBUG_INFORMATION_FORMAT = dwarf;
				ENABLE_STRICT_OBJC_MSGSEND = YES;
				ENABLE_TESTABILITY = YES;
				GCC_C_LANGUAGE_STANDARD = gnu11;
				GCC_DYNAMIC_NO_PIC = NO;
				GCC_NO_COMMON_BLOCKS = YES;
				GCC_OPTIMIZATION_LEVEL = 0;
				GCC_PREPROCESSOR_DEFINITIONS = (
					"DEBUG=1",
					"$(inherited)",
				);
				GCC_WARN_64_TO_32_BIT_CONVERSION = YES;
				GCC_WARN_ABOUT_RETURN_TYPE = YES_ERROR;
				GCC_WARN_UNDECLARED_SELECTOR = YES;
				GCC_WARN_UNINITIALIZED_AUTOS = YES_AGGRESSIVE;
				GCC_WARN_UNUSED_FUNCTION = YES;
				GCC_WARN_UNUSED_VARIABLE = YES;
				IPHONEOS_DEPLOYMENT_TARGET = 16.2;
				MTL_ENABLE_DEBUG_INFO = INCLUDE_SOURCE;
				MTL_FAST_MATH = YES;
				ONLY_ACTIVE_ARCH = YES;
				SDKROOT = iphoneos;
				SWIFT_ACTIVE_COMPILATION_CONDITIONS = DEBUG;
				SWIFT_OPTIMIZATION_LEVEL = "-Onone";
			};
			name = Debug;
		};
		2024A04729BA17A7003DFC11 /* Release */ = {
			isa = XCBuildConfiguration;
			buildSettings = {
				ALWAYS_SEARCH_USER_PATHS = NO;
				CLANG_ANALYZER_NONNULL = YES;
				CLANG_ANALYZER_NUMBER_OBJECT_CONVERSION = YES_AGGRESSIVE;
				CLANG_CXX_LANGUAGE_STANDARD = "gnu++20";
				CLANG_ENABLE_MODULES = YES;
				CLANG_ENABLE_OBJC_ARC = YES;
				CLANG_ENABLE_OBJC_WEAK = YES;
				CLANG_WARN_BLOCK_CAPTURE_AUTORELEASING = YES;
				CLANG_WARN_BOOL_CONVERSION = YES;
				CLANG_WARN_COMMA = YES;
				CLANG_WARN_CONSTANT_CONVERSION = YES;
				CLANG_WARN_DEPRECATED_OBJC_IMPLEMENTATIONS = YES;
				CLANG_WARN_DIRECT_OBJC_ISA_USAGE = YES_ERROR;
				CLANG_WARN_DOCUMENTATION_COMMENTS = YES;
				CLANG_WARN_EMPTY_BODY = YES;
				CLANG_WARN_ENUM_CONVERSION = YES;
				CLANG_WARN_INFINITE_RECURSION = YES;
				CLANG_WARN_INT_CONVERSION = YES;
				CLANG_WARN_NON_LITERAL_NULL_CONVERSION = YES;
				CLANG_WARN_OBJC_IMPLICIT_RETAIN_SELF = YES;
				CLANG_WARN_OBJC_LITERAL_CONVERSION = YES;
				CLANG_WARN_OBJC_ROOT_CLASS = YES_ERROR;
				CLANG_WARN_QUOTED_INCLUDE_IN_FRAMEWORK_HEADER = YES;
				CLANG_WARN_RANGE_LOOP_ANALYSIS = YES;
				CLANG_WARN_STRICT_PROTOTYPES = YES;
				CLANG_WARN_SUSPICIOUS_MOVE = YES;
				CLANG_WARN_UNGUARDED_AVAILABILITY = YES_AGGRESSIVE;
				CLANG_WARN_UNREACHABLE_CODE = YES;
				CLANG_WARN__DUPLICATE_METHOD_MATCH = YES;
				COPY_PHASE_STRIP = NO;
				DEBUG_INFORMATION_FORMAT = "dwarf-with-dsym";
				ENABLE_NS_ASSERTIONS = NO;
				ENABLE_STRICT_OBJC_MSGSEND = YES;
				GCC_C_LANGUAGE_STANDARD = gnu11;
				GCC_NO_COMMON_BLOCKS = YES;
				GCC_WARN_64_TO_32_BIT_CONVERSION = YES;
				GCC_WARN_ABOUT_RETURN_TYPE = YES_ERROR;
				GCC_WARN_UNDECLARED_SELECTOR = YES;
				GCC_WARN_UNINITIALIZED_AUTOS = YES_AGGRESSIVE;
				GCC_WARN_UNUSED_FUNCTION = YES;
				GCC_WARN_UNUSED_VARIABLE = YES;
				IPHONEOS_DEPLOYMENT_TARGET = 16.2;
				MTL_ENABLE_DEBUG_INFO = NO;
				MTL_FAST_MATH = YES;
				SDKROOT = iphoneos;
				SWIFT_COMPILATION_MODE = wholemodule;
				SWIFT_OPTIMIZATION_LEVEL = "-O";
				VALIDATE_PRODUCT = YES;
			};
			name = Release;
		};
		2024A04929BA17A7003DFC11 /* Debug */ = {
			isa = XCBuildConfiguration;
			baseConfigurationReference = F03BA6F6F8AC79DE0C1AA5A9 /* Pods-SimpleMathCam.debug.xcconfig */;
			buildSettings = {
				ASSETCATALOG_COMPILER_APPICON_NAME = AppIcon;
				ASSETCATALOG_COMPILER_GLOBAL_ACCENT_COLOR_NAME = AccentColor;
				CODE_SIGN_STYLE = Automatic;
				CURRENT_PROJECT_VERSION = 1;
				DEVELOPMENT_TEAM = X7PX2RYRJL;
				GENERATE_INFOPLIST_FILE = YES;
				INFOPLIST_FILE = SimpleMathCam/Info.plist;
				INFOPLIST_KEY_UIApplicationSupportsIndirectInputEvents = YES;
				INFOPLIST_KEY_UILaunchStoryboardName = LaunchScreen;
				INFOPLIST_KEY_UIMainStoryboardFile = Main;
				INFOPLIST_KEY_UISupportedInterfaceOrientations_iPad = "UIInterfaceOrientationPortrait UIInterfaceOrientationPortraitUpsideDown UIInterfaceOrientationLandscapeLeft UIInterfaceOrientationLandscapeRight";
				INFOPLIST_KEY_UISupportedInterfaceOrientations_iPhone = "UIInterfaceOrientationPortrait UIInterfaceOrientationLandscapeLeft UIInterfaceOrientationLandscapeRight";
				IPHONEOS_DEPLOYMENT_TARGET = 15.0;
				LD_RUNPATH_SEARCH_PATHS = (
					"$(inherited)",
					"@executable_path/Frameworks",
				);
				MARKETING_VERSION = 1.0;
				PRODUCT_BUNDLE_IDENTIFIER = co.codeturnal.SimpleMathCam;
				PRODUCT_NAME = "$(TARGET_NAME)";
				SWIFT_EMIT_LOC_STRINGS = YES;
				SWIFT_VERSION = 5.0;
				TARGETED_DEVICE_FAMILY = "1,2";
			};
			name = Debug;
		};
		2024A04A29BA17A7003DFC11 /* Release */ = {
			isa = XCBuildConfiguration;
			baseConfigurationReference = 1F5D5587B955469852F17BD9 /* Pods-SimpleMathCam.release.xcconfig */;
			buildSettings = {
				ASSETCATALOG_COMPILER_APPICON_NAME = AppIcon;
				ASSETCATALOG_COMPILER_GLOBAL_ACCENT_COLOR_NAME = AccentColor;
				CODE_SIGN_STYLE = Automatic;
				CURRENT_PROJECT_VERSION = 1;
				DEVELOPMENT_TEAM = X7PX2RYRJL;
				GENERATE_INFOPLIST_FILE = YES;
				INFOPLIST_FILE = SimpleMathCam/Info.plist;
				INFOPLIST_KEY_UIApplicationSupportsIndirectInputEvents = YES;
				INFOPLIST_KEY_UILaunchStoryboardName = LaunchScreen;
				INFOPLIST_KEY_UIMainStoryboardFile = Main;
				INFOPLIST_KEY_UISupportedInterfaceOrientations_iPad = "UIInterfaceOrientationPortrait UIInterfaceOrientationPortraitUpsideDown UIInterfaceOrientationLandscapeLeft UIInterfaceOrientationLandscapeRight";
				INFOPLIST_KEY_UISupportedInterfaceOrientations_iPhone = "UIInterfaceOrientationPortrait UIInterfaceOrientationLandscapeLeft UIInterfaceOrientationLandscapeRight";
				IPHONEOS_DEPLOYMENT_TARGET = 15.0;
				LD_RUNPATH_SEARCH_PATHS = (
					"$(inherited)",
					"@executable_path/Frameworks",
				);
				MARKETING_VERSION = 1.0;
				PRODUCT_BUNDLE_IDENTIFIER = co.codeturnal.SimpleMathCam;
				PRODUCT_NAME = "$(TARGET_NAME)";
				SWIFT_EMIT_LOC_STRINGS = YES;
				SWIFT_VERSION = 5.0;
				TARGETED_DEVICE_FAMILY = "1,2";
			};
			name = Release;
		};
		2024A04C29BA17A7003DFC11 /* Debug */ = {
			isa = XCBuildConfiguration;
			baseConfigurationReference = 1BD179B1D36EC860C6FC0E53 /* Pods-SimpleMathCamTests.debug.xcconfig */;
			buildSettings = {
				ALWAYS_EMBED_SWIFT_STANDARD_LIBRARIES = YES;
				BUNDLE_LOADER = "$(TEST_HOST)";
				CODE_SIGN_STYLE = Automatic;
				CURRENT_PROJECT_VERSION = 1;
				DEVELOPMENT_TEAM = X7PX2RYRJL;
				GENERATE_INFOPLIST_FILE = YES;
				IPHONEOS_DEPLOYMENT_TARGET = 16.2;
				MARKETING_VERSION = 1.0;
				PRODUCT_BUNDLE_IDENTIFIER = co.codeturnal.SimpleMathCamTests;
				PRODUCT_NAME = "$(TARGET_NAME)";
				SWIFT_EMIT_LOC_STRINGS = NO;
				SWIFT_VERSION = 5.0;
				TARGETED_DEVICE_FAMILY = "1,2";
				TEST_HOST = "$(BUILT_PRODUCTS_DIR)/SimpleMathCam.app/$(BUNDLE_EXECUTABLE_FOLDER_PATH)/SimpleMathCam";
			};
			name = Debug;
		};
		2024A04D29BA17A7003DFC11 /* Release */ = {
			isa = XCBuildConfiguration;
			baseConfigurationReference = F32B1D204F8E30EA0B73075C /* Pods-SimpleMathCamTests.release.xcconfig */;
			buildSettings = {
				ALWAYS_EMBED_SWIFT_STANDARD_LIBRARIES = YES;
				BUNDLE_LOADER = "$(TEST_HOST)";
				CODE_SIGN_STYLE = Automatic;
				CURRENT_PROJECT_VERSION = 1;
				DEVELOPMENT_TEAM = X7PX2RYRJL;
				GENERATE_INFOPLIST_FILE = YES;
				IPHONEOS_DEPLOYMENT_TARGET = 16.2;
				MARKETING_VERSION = 1.0;
				PRODUCT_BUNDLE_IDENTIFIER = co.codeturnal.SimpleMathCamTests;
				PRODUCT_NAME = "$(TARGET_NAME)";
				SWIFT_EMIT_LOC_STRINGS = NO;
				SWIFT_VERSION = 5.0;
				TARGETED_DEVICE_FAMILY = "1,2";
				TEST_HOST = "$(BUILT_PRODUCTS_DIR)/SimpleMathCam.app/$(BUNDLE_EXECUTABLE_FOLDER_PATH)/SimpleMathCam";
			};
			name = Release;
		};
/* End XCBuildConfiguration section */

/* Begin XCConfigurationList section */
		2024A01929BA17A4003DFC11 /* Build configuration list for PBXProject "SimpleMathCam" */ = {
			isa = XCConfigurationList;
			buildConfigurations = (
				2024A04629BA17A7003DFC11 /* Debug */,
				2024A04729BA17A7003DFC11 /* Release */,
			);
			defaultConfigurationIsVisible = 0;
			defaultConfigurationName = Release;
		};
		2024A04829BA17A7003DFC11 /* Build configuration list for PBXNativeTarget "SimpleMathCam" */ = {
			isa = XCConfigurationList;
			buildConfigurations = (
				2024A04929BA17A7003DFC11 /* Debug */,
				2024A04A29BA17A7003DFC11 /* Release */,
			);
			defaultConfigurationIsVisible = 0;
			defaultConfigurationName = Release;
		};
		2024A04B29BA17A7003DFC11 /* Build configuration list for PBXNativeTarget "SimpleMathCamTests" */ = {
			isa = XCConfigurationList;
			buildConfigurations = (
				2024A04C29BA17A7003DFC11 /* Debug */,
				2024A04D29BA17A7003DFC11 /* Release */,
			);
			defaultConfigurationIsVisible = 0;
			defaultConfigurationName = Release;
		};
/* End XCConfigurationList section */
	};
	rootObject = 2024A01629BA17A4003DFC11 /* Project object */;
}
